
Microsoft Visual Studio Solution File, Format Version 12.00
# Visual Studio 15
VisualStudioVersion = 15.0.27130.2003
MinimumVisualStudioVersion = 10.0.40219.1
Project("{FAE04EC0-301F-11D3-BF4B-00C04F79EFBC}") = "WebCrawler", "CrawlerOrphanet\WebCrawler.csproj", "{1E4D8685-CFE1-4077-B7AA-DF4E93F5C065}"
EndProject
Project("{FAE04EC0-301F-11D3-BF4B-00C04F79EFBC}") = "MongoRepository", "MongoRepository\MongoRepository.csproj", "{31C07CC3-77D0-4EEB-85CF-39FF3436B2A3}"
EndProject
Project("{FAE04EC0-301F-11D3-BF4B-00C04F79EFBC}") = "SymptomsEval", "SymptomsEval\SymptomsEval.csproj", "{66DF5C35-8003-4864-B536-3BF0C368A90E}"
EndProject
Global
	GlobalSection(SolutionConfigurationPlatforms) = preSolution
		Debug|Any CPU = Debug|Any CPU
		Release|Any CPU = Release|Any CPU
		SymptomEval|Any CPU = SymptomEval|Any CPU
	EndGlobalSection
	GlobalSection(ProjectConfigurationPlatforms) = postSolution
		{1E4D8685-CFE1-4077-B7AA-DF4E93F5C065}.Debug|Any CPU.ActiveCfg = Debug|Any CPU
		{1E4D8685-CFE1-4077-B7AA-DF4E93F5C065}.Debug|Any CPU.Build.0 = Debug|Any CPU
		{1E4D8685-CFE1-4077-B7AA-DF4E93F5C065}.Release|Any CPU.ActiveCfg = Release|Any CPU
		{1E4D8685-CFE1-4077-B7AA-DF4E93F5C065}.Release|Any CPU.Build.0 = Release|Any CPU
		{1E4D8685-CFE1-4077-B7AA-DF4E93F5C065}.SymptomEval|Any CPU.ActiveCfg = Release|Any CPU
		{31C07CC3-77D0-4EEB-85CF-39FF3436B2A3}.Debug|Any CPU.ActiveCfg = Debug|Any CPU
		{31C07CC3-77D0-4EEB-85CF-39FF3436B2A3}.Debug|Any CPU.Build.0 = Debug|Any CPU
		{31C07CC3-77D0-4EEB-85CF-39FF3436B2A3}.Release|Any CPU.ActiveCfg = Release|Any CPU
		{31C07CC3-77D0-4EEB-85CF-39FF3436B2A3}.Release|Any CPU.Build.0 = Release|Any CPU
		{31C07CC3-77D0-4EEB-85CF-39FF3436B2A3}.SymptomEval|Any CPU.ActiveCfg = Release|Any CPU
		{31C07CC3-77D0-4EEB-85CF-39FF3436B2A3}.SymptomEval|Any CPU.Build.0 = Release|Any CPU
		{66DF5C35-8003-4864-B536-3BF0C368A90E}.Debug|Any CPU.ActiveCfg = Debug|Any CPU
		{66DF5C35-8003-4864-B536-3BF0C368A90E}.Debug|Any CPU.Build.0 = Debug|Any CPU
		{66DF5C35-8003-4864-B536-3BF0C368A90E}.Release|Any CPU.ActiveCfg = Release|Any CPU
		{66DF5C35-8003-4864-B536-3BF0C368A90E}.Release|Any CPU.Build.0 = Release|Any CPU
		{66DF5C35-8003-4864-B536-3BF0C368A90E}.SymptomEval|Any CPU.ActiveCfg = Release|Any CPU
		{66DF5C35-8003-4864-B536-3BF0C368A90E}.SymptomEval|Any CPU.Build.0 = Release|Any CPU
	EndGlobalSection
	GlobalSection(SolutionProperties) = preSolution
		HideSolutionNode = FALSE
	EndGlobalSection
	GlobalSection(ExtensibilityGlobals) = postSolution
		SolutionGuid = {6A50FD17-E0E4-47E6-A98A-98BABE415751}
	EndGlobalSection
EndGlobal
